
Microsoft Visual Studio Solution File, Format Version 12.00
# Visual Studio Version 16
VisualStudioVersion = 16.0.30011.22
MinimumVisualStudioVersion = 10.0.40219.1
Project("{FAE04EC0-301F-11D3-BF4B-00C04F79EFBC}") = "SimpleSets", "SimpleSets\SimpleSets.csproj", "{1FB05D23-1C73-44A4-888E-4DB9C9F5EBA2}"
EndProject
Project("{FAE04EC0-301F-11D3-BF4B-00C04F79EFBC}") = "AdvancedSet", "AdvancedSet\AdvancedSet.csproj", "{896CB64B-57A3-4331-8D9B-65E3497FB783}"
EndProject
Global
	GlobalSection(SolutionConfigurationPlatforms) = preSolution
		Debug|Any CPU = Debug|Any CPU
		Release|Any CPU = Release|Any CPU
	EndGlobalSection
	GlobalSection(ProjectConfigurationPlatforms) = postSolution
		{1FB05D23-1C73-44A4-888E-4DB9C9F5EBA2}.Debug|Any CPU.ActiveCfg = Debug|Any CPU
		{1FB05D23-1C73-44A4-888E-4DB9C9F5EBA2}.Debug|Any CPU.Build.0 = Debug|Any CPU
		{1FB05D23-1C73-44A4-888E-4DB9C9F5EBA2}.Release|Any CPU.ActiveCfg = Release|Any CPU
		{1FB05D23-1C73-44A4-888E-4DB9C9F5EBA2}.Release|Any CPU.Build.0 = Release|Any CPU
		{896CB64B-57A3-4331-8D9B-65E3497FB783}.Debug|Any CPU.ActiveCfg = Debug|Any CPU
		{896CB64B-57A3-4331-8D9B-65E3497FB783}.Debug|Any CPU.Build.0 = Debug|Any CPU
		{896CB64B-57A3-4331-8D9B-65E3497FB783}.Release|Any CPU.ActiveCfg = Release|Any CPU
		{896CB64B-57A3-4331-8D9B-65E3497FB783}.Release|Any CPU.Build.0 = Release|Any CPU
	EndGlobalSection
	GlobalSection(SolutionProperties) = preSolution
		HideSolutionNode = FALSE
	EndGlobalSection
	GlobalSection(ExtensibilityGlobals) = postSolution
		SolutionGuid = {CC87B2AD-A4C7-4579-8731-4B060C9AEAB9}
	EndGlobalSection
EndGlobal
